
Microsoft Visual Studio Solution File, Format Version 12.00
# Visual Studio Version 16
VisualStudioVersion = 16.0.32126.315
MinimumVisualStudioVersion = 10.0.40219.1
Project("{FAE04EC0-301F-11D3-BF4B-00C04F79EFBC}") = "BTTuan02", "BTTuan02\BTTuan02.csproj", "{31B1B248-FDE4-42C8-850E-F72A4CA20C06}"
EndProject
Global
	GlobalSection(SolutionConfigurationPlatforms) = preSolution
		Debug|Any CPU = Debug|Any CPU
		Release|Any CPU = Release|Any CPU
	EndGlobalSection
	GlobalSection(ProjectConfigurationPlatforms) = postSolution
		{31B1B248-FDE4-42C8-850E-F72A4CA20C06}.Debug|Any CPU.ActiveCfg = Debug|Any CPU
		{31B1B248-FDE4-42C8-850E-F72A4CA20C06}.Debug|Any CPU.Build.0 = Debug|Any CPU
		{31B1B248-FDE4-42C8-850E-F72A4CA20C06}.Release|Any CPU.ActiveCfg = Release|Any CPU
		{31B1B248-FDE4-42C8-850E-F72A4CA20C06}.Release|Any CPU.Build.0 = Release|Any CPU
	EndGlobalSection
	GlobalSection(SolutionProperties) = preSolution
		HideSolutionNode = FALSE
	EndGlobalSection
	GlobalSection(ExtensibilityGlobals) = postSolution
		SolutionGuid = {DAA31EB0-03E8-4554-BAB9-1D4749CB5BDD}
	EndGlobalSection
EndGlobal
