
Microsoft Visual Studio Solution File, Format Version 12.00
# Visual Studio Version 16
VisualStudioVersion = 16.0.32126.315
MinimumVisualStudioVersion = 10.0.40219.1
Project("{FAE04EC0-301F-11D3-BF4B-00C04F79EFBC}") = "Bai1", "Bai1.csproj", "{1B15A066-010F-49D8-B589-F5AE9CB7FD52}"
EndProject
Global
	GlobalSection(SolutionConfigurationPlatforms) = preSolution
		Debug|Any CPU = Debug|Any CPU
		Release|Any CPU = Release|Any CPU
	EndGlobalSection
	GlobalSection(ProjectConfigurationPlatforms) = postSolution
		{1B15A066-010F-49D8-B589-F5AE9CB7FD52}.Debug|Any CPU.ActiveCfg = Debug|Any CPU
		{1B15A066-010F-49D8-B589-F5AE9CB7FD52}.Debug|Any CPU.Build.0 = Debug|Any CPU
		{1B15A066-010F-49D8-B589-F5AE9CB7FD52}.Release|Any CPU.ActiveCfg = Release|Any CPU
		{1B15A066-010F-49D8-B589-F5AE9CB7FD52}.Release|Any CPU.Build.0 = Release|Any CPU
	EndGlobalSection
	GlobalSection(SolutionProperties) = preSolution
		HideSolutionNode = FALSE
	EndGlobalSection
	GlobalSection(ExtensibilityGlobals) = postSolution
		SolutionGuid = {3E5DC278-CA8E-4BF8-AE4C-E84E41C9A9DA}
	EndGlobalSection
EndGlobal
